
Microsoft Visual Studio Solution File, Format Version 12.00
# Visual Studio Version 17
VisualStudioVersion = 17.5.33502.453
MinimumVisualStudioVersion = 10.0.40219.1
Project("{FAE04EC0-301F-11D3-BF4B-00C04F79EFBC}") = "AddressBookSystem", "AddressBookSystem.csproj", "{916A8866-8E30-4620-938E-C59CF0D72A01}"
EndProject
Global
	GlobalSection(SolutionConfigurationPlatforms) = preSolution
		Debug|Any CPU = Debug|Any CPU
		Release|Any CPU = Release|Any CPU
	EndGlobalSection
	GlobalSection(ProjectConfigurationPlatforms) = postSolution
		{916A8866-8E30-4620-938E-C59CF0D72A01}.Debug|Any CPU.ActiveCfg = Debug|Any CPU
		{916A8866-8E30-4620-938E-C59CF0D72A01}.Debug|Any CPU.Build.0 = Debug|Any CPU
		{916A8866-8E30-4620-938E-C59CF0D72A01}.Release|Any CPU.ActiveCfg = Release|Any CPU
		{916A8866-8E30-4620-938E-C59CF0D72A01}.Release|Any CPU.Build.0 = Release|Any CPU
	EndGlobalSection
	GlobalSection(SolutionProperties) = preSolution
		HideSolutionNode = FALSE
	EndGlobalSection
	GlobalSection(ExtensibilityGlobals) = postSolution
		SolutionGuid = {0E227D7F-59E4-4157-B102-B78A148B771B}
	EndGlobalSection
EndGlobal
